
Microsoft Visual Studio Solution File, Format Version 12.00
# Visual Studio Version 17
VisualStudioVersion = 17.14.36623.8 d17.14
MinimumVisualStudioVersion = 10.0.40219.1
Project("{FAE04EC0-301F-11D3-BF4B-00C04F79EFBC}") = "E-Commerce_Product_Catalog", "E-Commerce_Product_Catalog.csproj", "{A3FA746A-CB1D-4D57-AD66-CC5090BF22FD}"
EndProject
Global
	GlobalSection(SolutionConfigurationPlatforms) = preSolution
		Debug|Any CPU = Debug|Any CPU
		Release|Any CPU = Release|Any CPU
	EndGlobalSection
	GlobalSection(ProjectConfigurationPlatforms) = postSolution
		{A3FA746A-CB1D-4D57-AD66-CC5090BF22FD}.Debug|Any CPU.ActiveCfg = Debug|Any CPU
		{A3FA746A-CB1D-4D57-AD66-CC5090BF22FD}.Debug|Any CPU.Build.0 = Debug|Any CPU
		{A3FA746A-CB1D-4D57-AD66-CC5090BF22FD}.Release|Any CPU.ActiveCfg = Release|Any CPU
		{A3FA746A-CB1D-4D57-AD66-CC5090BF22FD}.Release|Any CPU.Build.0 = Release|Any CPU
	EndGlobalSection
	GlobalSection(SolutionProperties) = preSolution
		HideSolutionNode = FALSE
	EndGlobalSection
	GlobalSection(ExtensibilityGlobals) = postSolution
		SolutionGuid = {D094DAF0-B815-4BA3-AC34-3DCC9ED2ECFA}
	EndGlobalSection
EndGlobal
